
Microsoft Visual Studio Solution File, Format Version 12.00
# Visual Studio 15
VisualStudioVersion = 15.0.26403.7
MinimumVisualStudioVersion = 10.0.40219.1
Project("{FAE04EC0-301F-11D3-BF4B-00C04F79EFBC}") = "QuanLyPhongMach_Ver3", "QuanLyPhongMach2\QuanLyPhongMach_Ver3.csproj", "{5C6C817A-90E5-4D98-8BAA-023C62130F7A}"
EndProject
Project("{FAE04EC0-301F-11D3-BF4B-00C04F79EFBC}") = "QuanLyPhongMachTest", "QuanLyPhongMachTest\QuanLyPhongMachTest.csproj", "{22DEE71D-5734-42CE-9F5C-55AA8D8AEA1B}"
EndProject
Global
	GlobalSection(SolutionConfigurationPlatforms) = preSolution
		Debug|Any CPU = Debug|Any CPU
		Release|Any CPU = Release|Any CPU
	EndGlobalSection
	GlobalSection(ProjectConfigurationPlatforms) = postSolution
		{5C6C817A-90E5-4D98-8BAA-023C62130F7A}.Debug|Any CPU.ActiveCfg = Debug|Any CPU
		{5C6C817A-90E5-4D98-8BAA-023C62130F7A}.Debug|Any CPU.Build.0 = Debug|Any CPU
		{5C6C817A-90E5-4D98-8BAA-023C62130F7A}.Release|Any CPU.ActiveCfg = Release|Any CPU
		{5C6C817A-90E5-4D98-8BAA-023C62130F7A}.Release|Any CPU.Build.0 = Release|Any CPU
		{22DEE71D-5734-42CE-9F5C-55AA8D8AEA1B}.Debug|Any CPU.ActiveCfg = Debug|Any CPU
		{22DEE71D-5734-42CE-9F5C-55AA8D8AEA1B}.Debug|Any CPU.Build.0 = Debug|Any CPU
		{22DEE71D-5734-42CE-9F5C-55AA8D8AEA1B}.Release|Any CPU.ActiveCfg = Release|Any CPU
		{22DEE71D-5734-42CE-9F5C-55AA8D8AEA1B}.Release|Any CPU.Build.0 = Release|Any CPU
	EndGlobalSection
	GlobalSection(SolutionProperties) = preSolution
		HideSolutionNode = FALSE
	EndGlobalSection
EndGlobal
